Microsoft Visual Studio Solution File, Format Version 12.00
# Visual Studio Version 17
VisualStudioVersion = 17.0.31903.59
MinimumVisualStudioVersion = 10.0.40219.1
Project("{9A19103F-16F7-4668-BE54-9A1E7A4F7556}") = "MDPlus", "src\MDPlus.csproj", "{3E4A56E2-9F1B-4A92-B795-3F51D19C4A11}"
EndProject
Project("{9A19103F-16F7-4668-BE54-9A1E7A4F7556}") = "MDPlus.Tests", "tests\MDPlus.Tests.csproj", "{4B5C67F3-0A2C-4B03-C806-4A62E20D5B22}"
EndProject
Global
	GlobalSection(SolutionConfigurationPlatforms) = preSolution
		Debug|Any CPU = Debug|Any CPU
		Release|Any CPU = Release|Any CPU
	EndGlobalSection
	GlobalSection(ProjectConfigurationPlatforms) = postSolution
		{3E4A56E2-9F1B-4A92-B795-3F51D19C4A11}.Debug|Any CPU.ActiveCfg = Debug|Any CPU
		{3E4A56E2-9F1B-4A92-B795-3F51D19C4A11}.Debug|Any CPU.Build.0 = Debug|Any CPU
		{3E4A56E2-9F1B-4A92-B795-3F51D19C4A11}.Release|Any CPU.ActiveCfg = Release|Any CPU
		{3E4A56E2-9F1B-4A92-B795-3F51D19C4A11}.Release|Any CPU.Build.0 = Release|Any CPU
		{4B5C67F3-0A2C-4B03-C806-4A62E20D5B22}.Debug|Any CPU.ActiveCfg = Debug|Any CPU
		{4B5C67F3-0A2C-4B03-C806-4A62E20D5B22}.Debug|Any CPU.Build.0 = Debug|Any CPU
		{4B5C67F3-0A2C-4B03-C806-4A62E20D5B22}.Release|Any CPU.ActiveCfg = Release|Any CPU
		{4B5C67F3-0A2C-4B03-C806-4A62E20D5B22}.Release|Any CPU.Build.0 = Release|Any CPU
	EndGlobalSection
	GlobalSection(SolutionProperties) = preSolution
		HideSolutionNode = FALSE
	EndGlobalSection
EndGlobal
